PODS:
  - NVActivityIndicatorView (4.3.0):
    - NVActivityIndicatorView/Presenter (= 4.3.0)
  - NVActivityIndicatorView/AppExtension (4.3.0)
  - NVActivityIndicatorView/Presenter (4.3.0)
  - RxCocoa (4.2.0):
    - RxSwift (~> 4.0)
  - RxSwift (4.2.0)

DEPENDENCIES:
  - NVActivityIndicatorView (~> 4.0)
  - NVActivityIndicatorView/AppExtension (~> 4.0)
  - RxCocoa (~> 4.0)
  - RxSwift (~> 4.0)

SPEC CHECKSUMS:
  NVActivityIndicatorView: 963f62bf9f993fcf23218e55958e5b1761b9504c
  RxCocoa: 0b54909c902e1e581212a03e690bbd94032d8baa
  RxSwift: 99e10317ddfcc7fbe01356aafd118fde4a0be104

PODFILE CHECKSUM: a472a4a4f2d23289176216ad3d8524e2e5493eb7

COCOAPODS: 1.4.0
