// !$*UTF8*$!
{
	archiveVersion = 1;
	classes = {
	};
	objectVersion = 50;
	objects = {

/* Begin PBXBuildFile section */
		477BDED61DB53C3455C8BDA4 /* Pods_MVVMTemplate.framework in Frameworks */ = {isa = PBXBuildFile; fileRef = 512920CA522A7D45A4A43B47 /* Pods_MVVMTemplate.framework */; };
		555BCBD5039F14A6069BB7A3 /* Pods_MVVMTemplateTests.framework in Frameworks */ = {isa = PBXBuildFile; fileRef = 0AFABFD034335B35A368BA7F /* Pods_MVVMTemplateTests.framework */; };
		E4899A0620FC8FDF006D464C /* UIViewController+Extensions.swift in Sources */ = {isa = PBXBuildFile; fileRef = E4899A0520FC8FDF006D464C /* UIViewController+Extensions.swift */; };
		E494A84020F87E1D00B8C3D1 /* AppDelegate.swift in Sources */ = {isa = PBXBuildFile; fileRef = E494A83F20F87E1D00B8C3D1 /* AppDelegate.swift */; };
		E494A84420F87E3800B8C3D1 /* Assets.xcassets in Resources */ = {isa = PBXBuildFile; fileRef = E494A84320F87E3800B8C3D1 /* Assets.xcassets */; };
		E494A84820F87E4F00B8C3D1 /* MVVMTemplate.xcdatamodeld in Sources */ = {isa = PBXBuildFile; fileRef = E494A84620F87E4F00B8C3D1 /* MVVMTemplate.xcdatamodeld */; };
		E494A85020F881EC00B8C3D1 /* LoginViewController.xib in Resources */ = {isa = PBXBuildFile; fileRef = E494A84E20F881EC00B8C3D1 /* LoginViewController.xib */; };
		E494A85120F881EC00B8C3D1 /* LoginViewController.swift in Sources */ = {isa = PBXBuildFile; fileRef = E494A84F20F881EC00B8C3D1 /* LoginViewController.swift */; };
		E494A85620F88CE300B8C3D1 /* ILoginService.swift in Sources */ = {isa = PBXBuildFile; fileRef = E494A85520F88CE300B8C3D1 /* ILoginService.swift */; };
		E494A85820F88D2100B8C3D1 /* MockLoginService.swift in Sources */ = {isa = PBXBuildFile; fileRef = E494A85720F88D2100B8C3D1 /* MockLoginService.swift */; };
		E494A85E20F8930E00B8C3D1 /* KSGLocalizedError.swift in Sources */ = {isa = PBXBuildFile; fileRef = E494A85D20F8930E00B8C3D1 /* KSGLocalizedError.swift */; };
		E494A86120F8956700B8C3D1 /* LoginViewModel.swift in Sources */ = {isa = PBXBuildFile; fileRef = E494A86020F8956700B8C3D1 /* LoginViewModel.swift */; };
		E494A86420F899F000B8C3D1 /* Object+Extensions.swift in Sources */ = {isa = PBXBuildFile; fileRef = E494A86320F899F000B8C3D1 /* Object+Extensions.swift */; };
		E4C1C13E20FD5F2300C6F80B /* ISignalsProcessingViewController.swift in Sources */ = {isa = PBXBuildFile; fileRef = E4C1C13D20FD5F2300C6F80B /* ISignalsProcessingViewController.swift */; };
		E4C1C14120FD694B00C6F80B /* AuthenticationToken.swift in Sources */ = {isa = PBXBuildFile; fileRef = E4C1C14020FD694B00C6F80B /* AuthenticationToken.swift */; };
		E4C1C14420FD89EB00C6F80B /* UserInfo.swift in Sources */ = {isa = PBXBuildFile; fileRef = E4C1C14320FD89EB00C6F80B /* UserInfo.swift */; };
		E4C1C14820FD8BD500C6F80B /* NewsViewController.swift in Sources */ = {isa = PBXBuildFile; fileRef = E4C1C14620FD8BD500C6F80B /* NewsViewController.swift */; };
		E4C1C14920FD8BD500C6F80B /* NewsViewController.xib in Resources */ = {isa = PBXBuildFile; fileRef = E4C1C14720FD8BD500C6F80B /* NewsViewController.xib */; };
		E4C1C14C20FD8C9600C6F80B /* NewsViewModel.swift in Sources */ = {isa = PBXBuildFile; fileRef = E4C1C14B20FD8C9600C6F80B /* NewsViewModel.swift */; };
		E4C1C14F20FD8EBC00C6F80B /* NewsObject.swift in Sources */ = {isa = PBXBuildFile; fileRef = E4C1C14E20FD8EBC00C6F80B /* NewsObject.swift */; };
		E4C1C15220FDA40A00C6F80B /* INewsService.swift in Sources */ = {isa = PBXBuildFile; fileRef = E4C1C15120FDA40A00C6F80B /* INewsService.swift */; };
		E4C1C15420FDA4A000C6F80B /* MockNewsService.swift in Sources */ = {isa = PBXBuildFile; fileRef = E4C1C15320FDA4A000C6F80B /* MockNewsService.swift */; };
		E4DBF0BC20F87275006DDAC9 /* Main.storyboard in Resources */ = {isa = PBXBuildFile; fileRef = E4DBF0BA20F87275006DDAC9 /* Main.storyboard */; };
		E4DBF0C420F87275006DDAC9 /* LaunchScreen.storyboard in Resources */ = {isa = PBXBuildFile; fileRef = E4DBF0C220F87275006DDAC9 /* LaunchScreen.storyboard */; };
		E4DBF0CF20F87275006DDAC9 /* MVVMTemplateTests.swift in Sources */ = {isa = PBXBuildFile; fileRef = E4DBF0CE20F87275006DDAC9 /* MVVMTemplateTests.swift */; };
		E4EDE46720FC486200829DBE /* MainRouter.swift in Sources */ = {isa = PBXBuildFile; fileRef = E4EDE46620FC486200829DBE /* MainRouter.swift */; };
		E4EDE46A20FC4E9E00829DBE /* BaseViewModel.swift in Sources */ = {isa = PBXBuildFile; fileRef = E4EDE46920FC4E9E00829DBE /* BaseViewModel.swift */; };
		E4EDE46D20FC512400829DBE /* StateStorage.swift in Sources */ = {isa = PBXBuildFile; fileRef = E4EDE46C20FC512400829DBE /* StateStorage.swift */; };
/* End PBXBuildFile section */

/* Begin PBXContainerItemProxy section */
		E4DBF0CB20F87275006DDAC9 /* PBXContainerItemProxy */ = {
			isa = PBXContainerItemProxy;
			containerPortal = E4DBF0AB20F87275006DDAC9 /* Project object */;
			proxyType = 1;
			remoteGlobalIDString = E4DBF0B220F87275006DDAC9;
			remoteInfo = MVVMTemplate;
		};
/* End PBXContainerItemProxy section */

/* Begin PBXFileReference section */
		0AFABFD034335B35A368BA7F /* Pods_MVVMTemplateTests.framework */ = {isa = PBXFileReference; explicitFileType = wrapper.framework; includeInIndex = 0; path = Pods_MVVMTemplateTests.framework; sourceTree = BUILT_PRODUCTS_DIR; };
		4F32E6A61DD923D5329CDE7A /* Pods-MVVMTemplate.debug.xcconfig */ = {isa = PBXFileReference; includeInIndex = 1; lastKnownFileType = text.xcconfig; name = "Pods-MVVMTemplate.debug.xcconfig"; path = "Pods/Target Support Files/Pods-MVVMTemplate/Pods-MVVMTemplate.debug.xcconfig"; sourceTree = "<group>"; };
		512920CA522A7D45A4A43B47 /* Pods_MVVMTemplate.framework */ = {isa = PBXFileReference; explicitFileType = wrapper.framework; includeInIndex = 0; path = Pods_MVVMTemplate.framework; sourceTree = BUILT_PRODUCTS_DIR; };
		5DDEAB047D58207D616A9DB1 /* Pods-MVVMTemplate.release.xcconfig */ = {isa = PBXFileReference; includeInIndex = 1; lastKnownFileType = text.xcconfig; name = "Pods-MVVMTemplate.release.xcconfig"; path = "Pods/Target Support Files/Pods-MVVMTemplate/Pods-MVVMTemplate.release.xcconfig"; sourceTree = "<group>"; };
		71BAC73E6CACD3AB1E18A287 /* Pods-MVVMTemplateTests.debug.xcconfig */ = {isa = PBXFileReference; includeInIndex = 1; lastKnownFileType = text.xcconfig; name = "Pods-MVVMTemplateTests.debug.xcconfig"; path = "Pods/Target Support Files/Pods-MVVMTemplateTests/Pods-MVVMTemplateTests.debug.xcconfig"; sourceTree = "<group>"; };
		E4899A0520FC8FDF006D464C /* UIViewController+Extensions.swift */ = {isa = PBXFileReference; lastKnownFileType = sourcecode.swift; path = "UIViewController+Extensions.swift"; sourceTree = "<group>"; };
		E494A83D20F87E0900B8C3D1 /* Info.plist */ = {isa = PBXFileReference; fileEncoding = 4; lastKnownFileType = text.plist.xml; path = Info.plist; sourceTree = "<group>"; };
		E494A83F20F87E1D00B8C3D1 /* AppDelegate.swift */ = {isa = PBXFileReference; fileEncoding = 4; lastKnownFileType = sourcecode.swift; path = AppDelegate.swift; sourceTree = "<group>"; };
		E494A84320F87E3800B8C3D1 /* Assets.xcassets */ = {isa = PBXFileReference; lastKnownFileType = folder.assetcatalog; path = Assets.xcassets; sourceTree = "<group>"; };
		E494A84720F87E4F00B8C3D1 /* MVVMTemplate.xcdatamodel */ = {isa = PBXFileReference; lastKnownFileType = wrapper.xcdatamodel; path = MVVMTemplate.xcdatamodel; sourceTree = "<group>"; };
		E494A84E20F881EC00B8C3D1 /* LoginViewController.xib */ = {isa = PBXFileReference; fileEncoding = 4; lastKnownFileType = file.xib; path = LoginViewController.xib; sourceTree = "<group>"; };
		E494A84F20F881EC00B8C3D1 /* LoginViewController.swift */ = {isa = PBXFileReference; fileEncoding = 4; lastKnownFileType = sourcecode.swift; path = LoginViewController.swift; sourceTree = "<group>"; };
		E494A85520F88CE300B8C3D1 /* ILoginService.swift */ = {isa = PBXFileReference; lastKnownFileType = sourcecode.swift; path = ILoginService.swift; sourceTree = "<group>"; };
		E494A85720F88D2100B8C3D1 /* MockLoginService.swift */ = {isa = PBXFileReference; lastKnownFileType = sourcecode.swift; path = MockLoginService.swift; sourceTree = "<group>"; };
		E494A85D20F8930E00B8C3D1 /* KSGLocalizedError.swift */ = {isa = PBXFileReference; lastKnownFileType = sourcecode.swift; path = KSGLocalizedError.swift; sourceTree = "<group>"; };
		E494A86020F8956700B8C3D1 /* LoginViewModel.swift */ = {isa = PBXFileReference; lastKnownFileType = sourcecode.swift; path = LoginViewModel.swift; sourceTree = "<group>"; };
		E494A86320F899F000B8C3D1 /* Object+Extensions.swift */ = {isa = PBXFileReference; lastKnownFileType = sourcecode.swift; path = "Object+Extensions.swift"; sourceTree = "<group>"; };
		E4C1C13D20FD5F2300C6F80B /* ISignalsProcessingViewController.swift */ = {isa = PBXFileReference; lastKnownFileType = sourcecode.swift; path = ISignalsProcessingViewController.swift; sourceTree = "<group>"; };
		E4C1C14020FD694B00C6F80B /* AuthenticationToken.swift */ = {isa = PBXFileReference; lastKnownFileType = sourcecode.swift; path = AuthenticationToken.swift; sourceTree = "<group>"; };
		E4C1C14320FD89EB00C6F80B /* UserInfo.swift */ = {isa = PBXFileReference; lastKnownFileType = sourcecode.swift; path = UserInfo.swift; sourceTree = "<group>"; };
		E4C1C14620FD8BD500C6F80B /* NewsViewController.swift */ = {isa = PBXFileReference; lastKnownFileType = sourcecode.swift; path = NewsViewController.swift; sourceTree = "<group>"; };
		E4C1C14720FD8BD500C6F80B /* NewsViewController.xib */ = {isa = PBXFileReference; lastKnownFileType = file.xib; path = NewsViewController.xib; sourceTree = "<group>"; };
		E4C1C14B20FD8C9600C6F80B /* NewsViewModel.swift */ = {isa = PBXFileReference; lastKnownFileType = sourcecode.swift; path = NewsViewModel.swift; sourceTree = "<group>"; };
		E4C1C14E20FD8EBC00C6F80B /* NewsObject.swift */ = {isa = PBXFileReference; lastKnownFileType = sourcecode.swift; path = NewsObject.swift; sourceTree = "<group>"; };
		E4C1C15120FDA40A00C6F80B /* INewsService.swift */ = {isa = PBXFileReference; lastKnownFileType = sourcecode.swift; path = INewsService.swift; sourceTree = "<group>"; };
		E4C1C15320FDA4A000C6F80B /* MockNewsService.swift */ = {isa = PBXFileReference; lastKnownFileType = sourcecode.swift; path = MockNewsService.swift; sourceTree = "<group>"; };
		E4DBF0B320F87275006DDAC9 /* MVVMTemplate.app */ = {isa = PBXFileReference; explicitFileType = wrapper.application; includeInIndex = 0; path = MVVMTemplate.app; sourceTree = BUILT_PRODUCTS_DIR; };
		E4DBF0BB20F87275006DDAC9 /* Base */ = {isa = PBXFileReference; lastKnownFileType = file.storyboard; name = Base; path = Base.lproj/Main.storyboard; sourceTree = "<group>"; };
		E4DBF0C320F87275006DDAC9 /* Base */ = {isa = PBXFileReference; lastKnownFileType = file.storyboard; name = Base; path = Base.lproj/LaunchScreen.storyboard; sourceTree = "<group>"; };
		E4DBF0CA20F87275006DDAC9 /* MVVMTemplateTests.xctest */ = {isa = PBXFileReference; explicitFileType = wrapper.cfbundle; includeInIndex = 0; path = MVVMTemplateTests.xctest; sourceTree = BUILT_PRODUCTS_DIR; };
		E4DBF0CE20F87275006DDAC9 /* MVVMTemplateTests.swift */ = {isa = PBXFileReference; lastKnownFileType = sourcecode.swift; path = MVVMTemplateTests.swift; sourceTree = "<group>"; };
		E4DBF0D020F87275006DDAC9 /* Info.plist */ = {isa = PBXFileReference; lastKnownFileType = text.plist.xml; path = Info.plist; sourceTree = "<group>"; };
		E4EDE46620FC486200829DBE /* MainRouter.swift */ = {isa = PBXFileReference; lastKnownFileType = sourcecode.swift; path = MainRouter.swift; sourceTree = "<group>"; };
		E4EDE46920FC4E9E00829DBE /* BaseViewModel.swift */ = {isa = PBXFileReference; lastKnownFileType = sourcecode.swift; path = BaseViewModel.swift; sourceTree = "<group>"; };
		E4EDE46C20FC512400829DBE /* StateStorage.swift */ = {isa = PBXFileReference; lastKnownFileType = sourcecode.swift; path = StateStorage.swift; sourceTree = "<group>"; };
		FA81E0616706B6C7A14F8F7F /* Pods-MVVMTemplateTests.release.xcconfig */ = {isa = PBXFileReference; includeInIndex = 1; lastKnownFileType = text.xcconfig; name = "Pods-MVVMTemplateTests.release.xcconfig"; path = "Pods/Target Support Files/Pods-MVVMTemplateTests/Pods-MVVMTemplateTests.release.xcconfig"; sourceTree = "<group>"; };
/* End PBXFileReference section */

/* Begin PBXFrameworksBuildPhase section */
		E4DBF0B020F87275006DDAC9 /* Frameworks */ = {
			isa = PBXFrameworksBuildPhase;
			buildActionMask = 2147483647;
			files = (
				477BDED61DB53C3455C8BDA4 /* Pods_MVVMTemplate.framework in Frameworks */,
			);
			runOnlyForDeploymentPostprocessing = 0;
		};
		E4DBF0C720F87275006DDAC9 /* Frameworks */ = {
			isa = PBXFrameworksBuildPhase;
			buildActionMask = 2147483647;
			files = (
				555BCBD5039F14A6069BB7A3 /* Pods_MVVMTemplateTests.framework in Frameworks */,
			);
			runOnlyForDeploymentPostprocessing = 0;
		};
/* End PBXFrameworksBuildPhase section */

/* Begin PBXGroup section */
		4C4427DA9A3FB97341302049 /* Pods */ = {
			isa = PBXGroup;
			children = (
				4F32E6A61DD923D5329CDE7A /* Pods-MVVMTemplate.debug.xcconfig */,
				5DDEAB047D58207D616A9DB1 /* Pods-MVVMTemplate.release.xcconfig */,
				71BAC73E6CACD3AB1E18A287 /* Pods-MVVMTemplateTests.debug.xcconfig */,
				FA81E0616706B6C7A14F8F7F /* Pods-MVVMTemplateTests.release.xcconfig */,
			);
			name = Pods;
			sourceTree = "<group>";
		};
		8F117918852D4B41EA2B6901 /* Frameworks */ = {
			isa = PBXGroup;
			children = (
				512920CA522A7D45A4A43B47 /* Pods_MVVMTemplate.framework */,
				0AFABFD034335B35A368BA7F /* Pods_MVVMTemplateTests.framework */,
			);
			name = Frameworks;
			sourceTree = "<group>";
		};
		E494A83520F87C3C00B8C3D1 /* Application Layer */ = {
			isa = PBXGroup;
			children = (
				E494A83F20F87E1D00B8C3D1 /* AppDelegate.swift */,
			);
			path = "Application Layer";
			sourceTree = "<group>";
		};
		E494A83620F87CD200B8C3D1 /* UI */ = {
			isa = PBXGroup;
			children = (
				E4C1C14520FD8BB100C6F80B /* NewsViewController */,
				E4C1C13C20FD5ED700C6F80B /* ISignalsProcessingViewController */,
				E494A84D20F881EC00B8C3D1 /* LoginViewController */,
				E494A83720F87CD200B8C3D1 /* Storyboards */,
			);
			path = UI;
			sourceTree = "<group>";
		};
		E494A83720F87CD200B8C3D1 /* Storyboards */ = {
			isa = PBXGroup;
			children = (
				E4DBF0BA20F87275006DDAC9 /* Main.storyboard */,
				E4DBF0C220F87275006DDAC9 /* LaunchScreen.storyboard */,
			);
			path = Storyboards;
			sourceTree = "<group>";
		};
		E494A83820F87CD200B8C3D1 /* Models */ = {
			isa = PBXGroup;
			children = (
				E4EDE46B20FC50F800829DBE /* StateStorage */,
				E494A85320F88C9B00B8C3D1 /* Services */,
				E494A84520F87E4F00B8C3D1 /* CoreDataModels */,
			);
			path = Models;
			sourceTree = "<group>";
		};
		E494A83920F87CD200B8C3D1 /* ViewModels */ = {
			isa = PBXGroup;
			children = (
				E4C1C14A20FD8C6A00C6F80B /* NewsViewModel */,
				E4EDE46820FC4E7E00829DBE /* BaseViewModel */,
				E494A85F20F8954F00B8C3D1 /* LoginViewModel */,
			);
			path = ViewModels;
			sourceTree = "<group>";
		};
		E494A83A20F87CD200B8C3D1 /* Supporting Files */ = {
			isa = PBXGroup;
			children = (
				E494A83D20F87E0900B8C3D1 /* Info.plist */,
			);
			path = "Supporting Files";
			sourceTree = "<group>";
		};
		E494A83B20F87CD200B8C3D1 /* Core Layer */ = {
			isa = PBXGroup;
			children = (
				E4C1C14D20FD8E8600C6F80B /* NewsObject */,
				E4C1C14220FD89D500C6F80B /* UserInfo */,
				E4C1C13F20FD693700C6F80B /* AuthenticationToken */,
				E494A85C20F892CA00B8C3D1 /* Errors */,
			);
			path = "Core Layer";
			sourceTree = "<group>";
		};
		E494A83C20F87CD200B8C3D1 /* Resources */ = {
			isa = PBXGroup;
			children = (
				E494A84320F87E3800B8C3D1 /* Assets.xcassets */,
			);
			path = Resources;
			sourceTree = "<group>";
		};
		E494A84520F87E4F00B8C3D1 /* CoreDataModels */ = {
			isa = PBXGroup;
			children = (
				E494A84620F87E4F00B8C3D1 /* MVVMTemplate.xcdatamodeld */,
			);
			path = CoreDataModels;
			sourceTree = "<group>";
		};
		E494A84D20F881EC00B8C3D1 /* LoginViewController */ = {
			isa = PBXGroup;
			children = (
				E494A84E20F881EC00B8C3D1 /* LoginViewController.xib */,
				E494A84F20F881EC00B8C3D1 /* LoginViewController.swift */,
			);
			path = LoginViewController;
			sourceTree = "<group>";
		};
		E494A85320F88C9B00B8C3D1 /* Services */ = {
			isa = PBXGroup;
			children = (
				E4C1C15020FDA3E900C6F80B /* NewsService */,
				E494A85420F88CAA00B8C3D1 /* LoginService */,
			);
			path = Services;
			sourceTree = "<group>";
		};
		E494A85420F88CAA00B8C3D1 /* LoginService */ = {
			isa = PBXGroup;
			children = (
				E494A85520F88CE300B8C3D1 /* ILoginService.swift */,
				E494A85720F88D2100B8C3D1 /* MockLoginService.swift */,
			);
			path = LoginService;
			sourceTree = "<group>";
		};
		E494A85C20F892CA00B8C3D1 /* Errors */ = {
			isa = PBXGroup;
			children = (
				E494A85D20F8930E00B8C3D1 /* KSGLocalizedError.swift */,
			);
			path = Errors;
			sourceTree = "<group>";
		};
		E494A85F20F8954F00B8C3D1 /* LoginViewModel */ = {
			isa = PBXGroup;
			children = (
				E494A86020F8956700B8C3D1 /* LoginViewModel.swift */,
			);
			path = LoginViewModel;
			sourceTree = "<group>";
		};
		E494A86220F899AC00B8C3D1 /* Extensions */ = {
			isa = PBXGroup;
			children = (
				E494A86320F899F000B8C3D1 /* Object+Extensions.swift */,
				E4899A0520FC8FDF006D464C /* UIViewController+Extensions.swift */,
			);
			path = Extensions;
			sourceTree = "<group>";
		};
		E4C1C13C20FD5ED700C6F80B /* ISignalsProcessingViewController */ = {
			isa = PBXGroup;
			children = (
				E4C1C13D20FD5F2300C6F80B /* ISignalsProcessingViewController.swift */,
			);
			path = ISignalsProcessingViewController;
			sourceTree = "<group>";
		};
		E4C1C13F20FD693700C6F80B /* AuthenticationToken */ = {
			isa = PBXGroup;
			children = (
				E4C1C14020FD694B00C6F80B /* AuthenticationToken.swift */,
			);
			path = AuthenticationToken;
			sourceTree = "<group>";
		};
		E4C1C14220FD89D500C6F80B /* UserInfo */ = {
			isa = PBXGroup;
			children = (
				E4C1C14320FD89EB00C6F80B /* UserInfo.swift */,
			);
			path = UserInfo;
			sourceTree = "<group>";
		};
		E4C1C14520FD8BB100C6F80B /* NewsViewController */ = {
			isa = PBXGroup;
			children = (
				E4C1C14620FD8BD500C6F80B /* NewsViewController.swift */,
				E4C1C14720FD8BD500C6F80B /* NewsViewController.xib */,
			);
			path = NewsViewController;
			sourceTree = "<group>";
		};
		E4C1C14A20FD8C6A00C6F80B /* NewsViewModel */ = {
			isa = PBXGroup;
			children = (
				E4C1C14B20FD8C9600C6F80B /* NewsViewModel.swift */,
			);
			path = NewsViewModel;
			sourceTree = "<group>";
		};
		E4C1C14D20FD8E8600C6F80B /* NewsObject */ = {
			isa = PBXGroup;
			children = (
				E4C1C14E20FD8EBC00C6F80B /* NewsObject.swift */,
			);
			path = NewsObject;
			sourceTree = "<group>";
		};
		E4C1C15020FDA3E900C6F80B /* NewsService */ = {
			isa = PBXGroup;
			children = (
				E4C1C15120FDA40A00C6F80B /* INewsService.swift */,
				E4C1C15320FDA4A000C6F80B /* MockNewsService.swift */,
			);
			path = NewsService;
			sourceTree = "<group>";
		};
		E4DBF0AA20F87275006DDAC9 = {
			isa = PBXGroup;
			children = (
				E4DBF0B520F87275006DDAC9 /* MVVMTemplate */,
				E4DBF0CD20F87275006DDAC9 /* MVVMTemplateTests */,
				E4DBF0B420F87275006DDAC9 /* Products */,
				4C4427DA9A3FB97341302049 /* Pods */,
				8F117918852D4B41EA2B6901 /* Frameworks */,
			);
			sourceTree = "<group>";
		};
		E4DBF0B420F87275006DDAC9 /* Products */ = {
			isa = PBXGroup;
			children = (
				E4DBF0B320F87275006DDAC9 /* MVVMTemplate.app */,
				E4DBF0CA20F87275006DDAC9 /* MVVMTemplateTests.xctest */,
			);
			name = Products;
			sourceTree = "<group>";
		};
		E4DBF0B520F87275006DDAC9 /* MVVMTemplate */ = {
			isa = PBXGroup;
			children = (
				E494A86220F899AC00B8C3D1 /* Extensions */,
				E494A83520F87C3C00B8C3D1 /* Application Layer */,
				E494A83B20F87CD200B8C3D1 /* Core Layer */,
				E4EDE46520FC482900829DBE /* Routers */,
				E494A83820F87CD200B8C3D1 /* Models */,
				E494A83620F87CD200B8C3D1 /* UI */,
				E494A83920F87CD200B8C3D1 /* ViewModels */,
				E494A83C20F87CD200B8C3D1 /* Resources */,
				E494A83A20F87CD200B8C3D1 /* Supporting Files */,
			);
			path = MVVMTemplate;
			sourceTree = "<group>";
		};
		E4DBF0CD20F87275006DDAC9 /* MVVMTemplateTests */ = {
			isa = PBXGroup;
			children = (
				E4DBF0CE20F87275006DDAC9 /* MVVMTemplateTests.swift */,
				E4DBF0D020F87275006DDAC9 /* Info.plist */,
			);
			path = MVVMTemplateTests;
			sourceTree = "<group>";
		};
		E4EDE46520FC482900829DBE /* Routers */ = {
			isa = PBXGroup;
			children = (
				E4EDE46620FC486200829DBE /* MainRouter.swift */,
			);
			path = Routers;
			sourceTree = "<group>";
		};
		E4EDE46820FC4E7E00829DBE /* BaseViewModel */ = {
			isa = PBXGroup;
			children = (
				E4EDE46920FC4E9E00829DBE /* BaseViewModel.swift */,
			);
			path = BaseViewModel;
			sourceTree = "<group>";
		};
		E4EDE46B20FC50F800829DBE /* StateStorage */ = {
			isa = PBXGroup;
			children = (
				E4EDE46C20FC512400829DBE /* StateStorage.swift */,
			);
			path = StateStorage;
			sourceTree = "<group>";
		};
/* End PBXGroup section */

/* Begin PBXNativeTarget section */
		E4DBF0B220F87275006DDAC9 /* MVVMTemplate */ = {
			isa = PBXNativeTarget;
			buildConfigurationList = E4DBF0D320F87275006DDAC9 /* Build configuration list for PBXNativeTarget "MVVMTemplate" */;
			buildPhases = (
				67FE0C0A7D6A9EABDCE4C6BD /* [CP] Check Pods Manifest.lock */,
				E4DBF0AF20F87275006DDAC9 /* Sources */,
				E4DBF0B020F87275006DDAC9 /* Frameworks */,
				E4DBF0B120F87275006DDAC9 /* Resources */,
				58EA5FFA7D8AD29F61974867 /* [CP] Embed Pods Frameworks */,
				983B5500DC8F9AE11DD5C9F3 /* [CP] Copy Pods Resources */,
			);
			buildRules = (
			);
			dependencies = (
			);
			name = MVVMTemplate;
			productName = MVVMTemplate;
			productReference = E4DBF0B320F87275006DDAC9 /* MVVMTemplate.app */;
			productType = "com.apple.product-type.application";
		};
		E4DBF0C920F87275006DDAC9 /* MVVMTemplateTests */ = {
			isa = PBXNativeTarget;
			buildConfigurationList = E4DBF0D620F87275006DDAC9 /* Build configuration list for PBXNativeTarget "MVVMTemplateTests" */;
			buildPhases = (
				AE45F38579EA6A2EF30E0CF6 /* [CP] Check Pods Manifest.lock */,
				E4DBF0C620F87275006DDAC9 /* Sources */,
				E4DBF0C720F87275006DDAC9 /* Frameworks */,
				E4DBF0C820F87275006DDAC9 /* Resources */,
				E3396B426BF009AE1D722CA3 /* [CP] Embed Pods Frameworks */,
				BDAFBDCF2E5EC334C1F734E0 /* [CP] Copy Pods Resources */,
			);
			buildRules = (
			);
			dependencies = (
				E4DBF0CC20F87275006DDAC9 /* PBXTargetDependency */,
			);
			name = MVVMTemplateTests;
			productName = MVVMTemplateTests;
			productReference = E4DBF0CA20F87275006DDAC9 /* MVVMTemplateTests.xctest */;
			productType = "com.apple.product-type.bundle.unit-test";
		};
/* End PBXNativeTarget section */

/* Begin PBXProject section */
		E4DBF0AB20F87275006DDAC9 /* Project object */ = {
			isa = PBXProject;
			attributes = {
				LastSwiftUpdateCheck = 0940;
				LastUpgradeCheck = 0940;
				ORGANIZATIONNAME = "Sergei Kultenko";
				TargetAttributes = {
					E4DBF0B220F87275006DDAC9 = {
						CreatedOnToolsVersion = 9.4.1;
					};
					E4DBF0C920F87275006DDAC9 = {
						CreatedOnToolsVersion = 9.4.1;
						TestTargetID = E4DBF0B220F87275006DDAC9;
					};
				};
			};
			buildConfigurationList = E4DBF0AE20F87275006DDAC9 /* Build configuration list for PBXProject "MVVMTemplate" */;
			compatibilityVersion = "Xcode 9.3";
			developmentRegion = en;
			hasScannedForEncodings = 0;
			knownRegions = (
				en,
				Base,
			);
			mainGroup = E4DBF0AA20F87275006DDAC9;
			productRefGroup = E4DBF0B420F87275006DDAC9 /* Products */;
			projectDirPath = "";
			projectRoot = "";
			targets = (
				E4DBF0B220F87275006DDAC9 /* MVVMTemplate */,
				E4DBF0C920F87275006DDAC9 /* MVVMTemplateTests */,
			);
		};
/* End PBXProject section */

/* Begin PBXResourcesBuildPhase section */
		E4DBF0B120F87275006DDAC9 /* Resources */ = {
			isa = PBXResourcesBuildPhase;
			buildActionMask = 2147483647;
			files = (
				E494A85020F881EC00B8C3D1 /* LoginViewController.xib in Resources */,
				E4DBF0C420F87275006DDAC9 /* LaunchScreen.storyboard in Resources */,
				E4C1C14920FD8BD500C6F80B /* NewsViewController.xib in Resources */,
				E4DBF0BC20F87275006DDAC9 /* Main.storyboard in Resources */,
				E494A84420F87E3800B8C3D1 /* Assets.xcassets in Resources */,
			);
			runOnlyForDeploymentPostprocessing = 0;
		};
		E4DBF0C820F87275006DDAC9 /* Resources */ = {
			isa = PBXResourcesBuildPhase;
			buildActionMask = 2147483647;
			files = (
			);
			runOnlyForDeploymentPostprocessing = 0;
		};
/* End PBXResourcesBuildPhase section */

/* Begin PBXShellScriptBuildPhase section */
		58EA5FFA7D8AD29F61974867 /* [CP] Embed Pods Frameworks */ = {
			isa = PBXShellScriptBuildPhase;
			buildActionMask = 2147483647;
			files = (
			);
			inputPaths = (
				"${SRCROOT}/Pods/Target Support Files/Pods-MVVMTemplate/Pods-MVVMTemplate-frameworks.sh",
				"${BUILT_PRODUCTS_DIR}/NVActivityIndicatorView/NVActivityIndicatorView.framework",
				"${BUILT_PRODUCTS_DIR}/RxCocoa/RxCocoa.framework",
				"${BUILT_PRODUCTS_DIR}/RxSwift/RxSwift.framework",
			);
			name = "[CP] Embed Pods Frameworks";
			outputPaths = (
				"${TARGET_BUILD_DIR}/${FRAMEWORKS_FOLDER_PATH}/NVActivityIndicatorView.framework",
				"${TARGET_BUILD_DIR}/${FRAMEWORKS_FOLDER_PATH}/RxCocoa.framework",
				"${TARGET_BUILD_DIR}/${FRAMEWORKS_FOLDER_PATH}/RxSwift.framework",
			);
			runOnlyForDeploymentPostprocessing = 0;
			shellPath = /bin/sh;
			shellScript = "\"${SRCROOT}/Pods/Target Support Files/Pods-MVVMTemplate/Pods-MVVMTemplate-frameworks.sh\"\n";
			showEnvVarsInLog = 0;
		};
		67FE0C0A7D6A9EABDCE4C6BD /* [CP] Check Pods Manifest.lock */ = {
			isa = PBXShellScriptBuildPhase;
			buildActionMask = 2147483647;
			files = (
			);
			inputPaths = (
				"${PODS_PODFILE_DIR_PATH}/Podfile.lock",
				"${PODS_ROOT}/Manifest.lock",
			);
			name = "[CP] Check Pods Manifest.lock";
			outputPaths = (
				"$(DERIVED_FILE_DIR)/Pods-MVVMTemplate-checkManifestLockResult.txt",
			);
			runOnlyForDeploymentPostprocessing = 0;
			shellPath = /bin/sh;
			shellScript = "diff \"${PODS_PODFILE_DIR_PATH}/Podfile.lock\" \"${PODS_ROOT}/Manifest.lock\" > /dev/null\nif [ $? != 0 ] ; then\n    # print error to STDERR\n    echo \"error: The sandbox is not in sync with the Podfile.lock. Run 'pod install' or update your CocoaPods installation.\" >&2\n    exit 1\nfi\n# This output is used by Xcode 'outputs' to avoid re-running this script phase.\necho \"SUCCESS\" > \"${SCRIPT_OUTPUT_FILE_0}\"\n";
			showEnvVarsInLog = 0;
		};
		983B5500DC8F9AE11DD5C9F3 /* [CP] Copy Pods Resources */ = {
			isa = PBXShellScriptBuildPhase;
			buildActionMask = 2147483647;
			files = (
			);
			inputPaths = (
			);
			name = "[CP] Copy Pods Resources";
			outputPaths = (
			);
			runOnlyForDeploymentPostprocessing = 0;
			shellPath = /bin/sh;
			shellScript = "\"${SRCROOT}/Pods/Target Support Files/Pods-MVVMTemplate/Pods-MVVMTemplate-resources.sh\"\n";
			showEnvVarsInLog = 0;
		};
		AE45F38579EA6A2EF30E0CF6 /* [CP] Check Pods Manifest.lock */ = {
			isa = PBXShellScriptBuildPhase;
			buildActionMask = 2147483647;
			files = (
			);
			inputPaths = (
				"${PODS_PODFILE_DIR_PATH}/Podfile.lock",
				"${PODS_ROOT}/Manifest.lock",
			);
			name = "[CP] Check Pods Manifest.lock";
			outputPaths = (
				"$(DERIVED_FILE_DIR)/Pods-MVVMTemplateTests-checkManifestLockResult.txt",
			);
			runOnlyForDeploymentPostprocessing = 0;
			shellPath = /bin/sh;
			shellScript = "diff \"${PODS_PODFILE_DIR_PATH}/Podfile.lock\" \"${PODS_ROOT}/Manifest.lock\" > /dev/null\nif [ $? != 0 ] ; then\n    # print error to STDERR\n    echo \"error: The sandbox is not in sync with the Podfile.lock. Run 'pod install' or update your CocoaPods installation.\" >&2\n    exit 1\nfi\n# This output is used by Xcode 'outputs' to avoid re-running this script phase.\necho \"SUCCESS\" > \"${SCRIPT_OUTPUT_FILE_0}\"\n";
			showEnvVarsInLog = 0;
		};
		BDAFBDCF2E5EC334C1F734E0 /* [CP] Copy Pods Resources */ = {
			isa = PBXShellScriptBuildPhase;
			buildActionMask = 2147483647;
			files = (
			);
			inputPaths = (
			);
			name = "[CP] Copy Pods Resources";
			outputPaths = (
			);
			runOnlyForDeploymentPostprocessing = 0;
			shellPath = /bin/sh;
			shellScript = "\"${SRCROOT}/Pods/Target Support Files/Pods-MVVMTemplateTests/Pods-MVVMTemplateTests-resources.sh\"\n";
			showEnvVarsInLog = 0;
		};
		E3396B426BF009AE1D722CA3 /* [CP] Embed Pods Frameworks */ = {
			isa = PBXShellScriptBuildPhase;
			buildActionMask = 2147483647;
			files = (
			);
			inputPaths = (
				"${SRCROOT}/Pods/Target Support Files/Pods-MVVMTemplateTests/Pods-MVVMTemplateTests-frameworks.sh",
				"${BUILT_PRODUCTS_DIR}/NVActivityIndicatorView/NVActivityIndicatorView.framework",
				"${BUILT_PRODUCTS_DIR}/RxCocoa/RxCocoa.framework",
				"${BUILT_PRODUCTS_DIR}/RxSwift/RxSwift.framework",
			);
			name = "[CP] Embed Pods Frameworks";
			outputPaths = (
				"${TARGET_BUILD_DIR}/${FRAMEWORKS_FOLDER_PATH}/NVActivityIndicatorView.framework",
				"${TARGET_BUILD_DIR}/${FRAMEWORKS_FOLDER_PATH}/RxCocoa.framework",
				"${TARGET_BUILD_DIR}/${FRAMEWORKS_FOLDER_PATH}/RxSwift.framework",
			);
			runOnlyForDeploymentPostprocessing = 0;
			shellPath = /bin/sh;
			shellScript = "\"${SRCROOT}/Pods/Target Support Files/Pods-MVVMTemplateTests/Pods-MVVMTemplateTests-frameworks.sh\"\n";
			showEnvVarsInLog = 0;
		};
/* End PBXShellScriptBuildPhase section */

/* Begin PBXSourcesBuildPhase section */
		E4DBF0AF20F87275006DDAC9 /* Sources */ = {
			isa = PBXSourcesBuildPhase;
			buildActionMask = 2147483647;
			files = (
				E494A85E20F8930E00B8C3D1 /* KSGLocalizedError.swift in Sources */,
				E4C1C15220FDA40A00C6F80B /* INewsService.swift in Sources */,
				E494A85120F881EC00B8C3D1 /* LoginViewController.swift in Sources */,
				E494A85820F88D2100B8C3D1 /* MockLoginService.swift in Sources */,
				E4C1C14120FD694B00C6F80B /* AuthenticationToken.swift in Sources */,
				E4EDE46A20FC4E9E00829DBE /* BaseViewModel.swift in Sources */,
				E494A85620F88CE300B8C3D1 /* ILoginService.swift in Sources */,
				E4C1C13E20FD5F2300C6F80B /* ISignalsProcessingViewController.swift in Sources */,
				E4C1C15420FDA4A000C6F80B /* MockNewsService.swift in Sources */,
				E494A86420F899F000B8C3D1 /* Object+Extensions.swift in Sources */,
				E494A84020F87E1D00B8C3D1 /* AppDelegate.swift in Sources */,
				E4C1C14F20FD8EBC00C6F80B /* NewsObject.swift in Sources */,
				E4C1C14C20FD8C9600C6F80B /* NewsViewModel.swift in Sources */,
				E494A84820F87E4F00B8C3D1 /* MVVMTemplate.xcdatamodeld in Sources */,
				E4899A0620FC8FDF006D464C /* UIViewController+Extensions.swift in Sources */,
				E4EDE46720FC486200829DBE /* MainRouter.swift in Sources */,
				E4EDE46D20FC512400829DBE /* StateStorage.swift in Sources */,
				E4C1C14420FD89EB00C6F80B /* UserInfo.swift in Sources */,
				E494A86120F8956700B8C3D1 /* LoginViewModel.swift in Sources */,
				E4C1C14820FD8BD500C6F80B /* NewsViewController.swift in Sources */,
			);
			runOnlyForDeploymentPostprocessing = 0;
		};
		E4DBF0C620F87275006DDAC9 /* Sources */ = {
			isa = PBXSourcesBuildPhase;
			buildActionMask = 2147483647;
			files = (
				E4DBF0CF20F87275006DDAC9 /* MVVMTemplateTests.swift in Sources */,
			);
			runOnlyForDeploymentPostprocessing = 0;
		};
/* End PBXSourcesBuildPhase section */

/* Begin PBXTargetDependency section */
		E4DBF0CC20F87275006DDAC9 /* PBXTargetDependency */ = {
			isa = PBXTargetDependency;
			target = E4DBF0B220F87275006DDAC9 /* MVVMTemplate */;
			targetProxy = E4DBF0CB20F87275006DDAC9 /* PBXContainerItemProxy */;
		};
/* End PBXTargetDependency section */

/* Begin PBXVariantGroup section */
		E4DBF0BA20F87275006DDAC9 /* Main.storyboard */ = {
			isa = PBXVariantGroup;
			children = (
				E4DBF0BB20F87275006DDAC9 /* Base */,
			);
			name = Main.storyboard;
			sourceTree = "<group>";
		};
		E4DBF0C220F87275006DDAC9 /* LaunchScreen.storyboard */ = {
			isa = PBXVariantGroup;
			children = (
				E4DBF0C320F87275006DDAC9 /* Base */,
			);
			name = LaunchScreen.storyboard;
			sourceTree = "<group>";
		};
/* End PBXVariantGroup section */

/* Begin XCBuildConfiguration section */
		E4DBF0D120F87275006DDAC9 /* Debug */ = {
			isa = XCBuildConfiguration;
			buildSettings = {
				ALWAYS_SEARCH_USER_PATHS = NO;
				CLANG_ANALYZER_NONNULL = YES;
				CLANG_ANALYZER_NUMBER_OBJECT_CONVERSION = YES_AGGRESSIVE;
				CLANG_CXX_LANGUAGE_STANDARD = "gnu++14";
				CLANG_CXX_LIBRARY = "libc++";
				CLANG_ENABLE_MODULES = YES;
				CLANG_ENABLE_OBJC_ARC = YES;
				CLANG_ENABLE_OBJC_WEAK = YES;
				CLANG_WARN_BLOCK_CAPTURE_AUTORELEASING = YES;
				CLANG_WARN_BOOL_CONVERSION = YES;
				CLANG_WARN_COMMA = YES;
				CLANG_WARN_CONSTANT_CONVERSION = YES;
				CLANG_WARN_DEPRECATED_OBJC_IMPLEMENTATIONS = YES;
				CLANG_WARN_DIRECT_OBJC_ISA_USAGE = YES_ERROR;
				CLANG_WARN_DOCUMENTATION_COMMENTS = YES;
				CLANG_WARN_EMPTY_BODY = YES;
				CLANG_WARN_ENUM_CONVERSION = YES;
				CLANG_WARN_INFINITE_RECURSION = YES;
				CLANG_WARN_INT_CONVERSION = YES;
				CLANG_WARN_NON_LITERAL_NULL_CONVERSION = YES;
				CLANG_WARN_OBJC_IMPLICIT_RETAIN_SELF = YES;
				CLANG_WARN_OBJC_LITERAL_CONVERSION = YES;
				CLANG_WARN_OBJC_ROOT_CLASS = YES_ERROR;
				CLANG_WARN_RANGE_LOOP_ANALYSIS = YES;
				CLANG_WARN_STRICT_PROTOTYPES = YES;
				CLANG_WARN_SUSPICIOUS_MOVE = YES;
				CLANG_WARN_UNGUARDED_AVAILABILITY = YES_AGGRESSIVE;
				CLANG_WARN_UNREACHABLE_CODE = YES;
				CLANG_WARN__DUPLICATE_METHOD_MATCH = YES;
				CODE_SIGN_IDENTITY = "iPhone Developer";
				COPY_PHASE_STRIP = NO;
				DEBUG_INFORMATION_FORMAT = dwarf;
				ENABLE_STRICT_OBJC_MSGSEND = YES;
				ENABLE_TESTABILITY = YES;
				GCC_C_LANGUAGE_STANDARD = gnu11;
				GCC_DYNAMIC_NO_PIC = NO;
				GCC_NO_COMMON_BLOCKS = YES;
				GCC_OPTIMIZATION_LEVEL = 0;
				GCC_PREPROCESSOR_DEFINITIONS = (
					"DEBUG=1",
					"$(inherited)",
				);
				GCC_WARN_64_TO_32_BIT_CONVERSION = YES;
				GCC_WARN_ABOUT_RETURN_TYPE = YES_ERROR;
				GCC_WARN_UNDECLARED_SELECTOR = YES;
				GCC_WARN_UNINITIALIZED_AUTOS = YES_AGGRESSIVE;
				GCC_WARN_UNUSED_FUNCTION = YES;
				GCC_WARN_UNUSED_VARIABLE = YES;
				IPHONEOS_DEPLOYMENT_TARGET = 11.4;
				MTL_ENABLE_DEBUG_INFO = YES;
				ONLY_ACTIVE_ARCH = YES;
				SDKROOT = iphoneos;
				SWIFT_ACTIVE_COMPILATION_CONDITIONS = DEBUG;
				SWIFT_OPTIMIZATION_LEVEL = "-Onone";
			};
			name = Debug;
		};
		E4DBF0D220F87275006DDAC9 /* Release */ = {
			isa = XCBuildConfiguration;
			buildSettings = {
				ALWAYS_SEARCH_USER_PATHS = NO;
				CLANG_ANALYZER_NONNULL = YES;
				CLANG_ANALYZER_NUMBER_OBJECT_CONVERSION = YES_AGGRESSIVE;
				CLANG_CXX_LANGUAGE_STANDARD = "gnu++14";
				CLANG_CXX_LIBRARY = "libc++";
				CLANG_ENABLE_MODULES = YES;
				CLANG_ENABLE_OBJC_ARC = YES;
				CLANG_ENABLE_OBJC_WEAK = YES;
				CLANG_WARN_BLOCK_CAPTURE_AUTORELEASING = YES;
				CLANG_WARN_BOOL_CONVERSION = YES;
				CLANG_WARN_COMMA = YES;
				CLANG_WARN_CONSTANT_CONVERSION = YES;
				CLANG_WARN_DEPRECATED_OBJC_IMPLEMENTATIONS = YES;
				CLANG_WARN_DIRECT_OBJC_ISA_USAGE = YES_ERROR;
				CLANG_WARN_DOCUMENTATION_COMMENTS = YES;
				CLANG_WARN_EMPTY_BODY = YES;
				CLANG_WARN_ENUM_CONVERSION = YES;
				CLANG_WARN_INFINITE_RECURSION = YES;
				CLANG_WARN_INT_CONVERSION = YES;
				CLANG_WARN_NON_LITERAL_NULL_CONVERSION = YES;
				CLANG_WARN_OBJC_IMPLICIT_RETAIN_SELF = YES;
				CLANG_WARN_OBJC_LITERAL_CONVERSION = YES;
				CLANG_WARN_OBJC_ROOT_CLASS = YES_ERROR;
				CLANG_WARN_RANGE_LOOP_ANALYSIS = YES;
				CLANG_WARN_STRICT_PROTOTYPES = YES;
				CLANG_WARN_SUSPICIOUS_MOVE = YES;
				CLANG_WARN_UNGUARDED_AVAILABILITY = YES_AGGRESSIVE;
				CLANG_WARN_UNREACHABLE_CODE = YES;
				CLANG_WARN__DUPLICATE_METHOD_MATCH = YES;
				CODE_SIGN_IDENTITY = "iPhone Developer";
				COPY_PHASE_STRIP = NO;
				DEBUG_INFORMATION_FORMAT = "dwarf-with-dsym";
				ENABLE_NS_ASSERTIONS = NO;
				ENABLE_STRICT_OBJC_MSGSEND = YES;
				GCC_C_LANGUAGE_STANDARD = gnu11;
				GCC_NO_COMMON_BLOCKS = YES;
				GCC_WARN_64_TO_32_BIT_CONVERSION = YES;
				GCC_WARN_ABOUT_RETURN_TYPE = YES_ERROR;
				GCC_WARN_UNDECLARED_SELECTOR = YES;
				GCC_WARN_UNINITIALIZED_AUTOS = YES_AGGRESSIVE;
				GCC_WARN_UNUSED_FUNCTION = YES;
				GCC_WARN_UNUSED_VARIABLE = YES;
				IPHONEOS_DEPLOYMENT_TARGET = 11.4;
				MTL_ENABLE_DEBUG_INFO = NO;
				SDKROOT = iphoneos;
				SWIFT_COMPILATION_MODE = wholemodule;
				SWIFT_OPTIMIZATION_LEVEL = "-O";
				VALIDATE_PRODUCT = YES;
			};
			name = Release;
		};
		E4DBF0D420F87275006DDAC9 /* Debug */ = {
			isa = XCBuildConfiguration;
			baseConfigurationReference = 4F32E6A61DD923D5329CDE7A /* Pods-MVVMTemplate.debug.xcconfig */;
			buildSettings = {
				ALWAYS_EMBED_SWIFT_STANDARD_LIBRARIES = "$(inherited)";
				ASSETCATALOG_COMPILER_APPICON_NAME = AppIcon;
				CODE_SIGN_STYLE = Automatic;
				DEVELOPMENT_TEAM = ECXQ8F5RNV;
				INFOPLIST_FILE = "MVVMTemplate/Supporting Files/Info.plist";
				LD_RUNPATH_SEARCH_PATHS = (
					"$(inherited)",
					"@executable_path/Frameworks",
				);
				PRODUCT_BUNDLE_IDENTIFIER = com.Serj.Kultenko.MVVMTemplate;
				PRODUCT_NAME = "$(TARGET_NAME)";
				SWIFT_VERSION = 4.0;
				TARGETED_DEVICE_FAMILY = "1,2";
			};
			name = Debug;
		};
		E4DBF0D520F87275006DDAC9 /* Release */ = {
			isa = XCBuildConfiguration;
			baseConfigurationReference = 5DDEAB047D58207D616A9DB1 /* Pods-MVVMTemplate.release.xcconfig */;
			buildSettings = {
				ALWAYS_EMBED_SWIFT_STANDARD_LIBRARIES = "$(inherited)";
				ASSETCATALOG_COMPILER_APPICON_NAME = AppIcon;
				CODE_SIGN_STYLE = Automatic;
				DEVELOPMENT_TEAM = ECXQ8F5RNV;
				INFOPLIST_FILE = "MVVMTemplate/Supporting Files/Info.plist";
				LD_RUNPATH_SEARCH_PATHS = (
					"$(inherited)",
					"@executable_path/Frameworks",
				);
				PRODUCT_BUNDLE_IDENTIFIER = com.Serj.Kultenko.MVVMTemplate;
				PRODUCT_NAME = "$(TARGET_NAME)";
				SWIFT_VERSION = 4.0;
				TARGETED_DEVICE_FAMILY = "1,2";
			};
			name = Release;
		};
		E4DBF0D720F87275006DDAC9 /* Debug */ = {
			isa = XCBuildConfiguration;
			baseConfigurationReference = 71BAC73E6CACD3AB1E18A287 /* Pods-MVVMTemplateTests.debug.xcconfig */;
			buildSettings = {
				ALWAYS_EMBED_SWIFT_STANDARD_LIBRARIES = "$(inherited)";
				BUNDLE_LOADER = "$(TEST_HOST)";
				CODE_SIGN_STYLE = Automatic;
				DEVELOPMENT_TEAM = ECXQ8F5RNV;
				INFOPLIST_FILE = "MVVMTemplate/Supporting Files/Info.plist";
				LD_RUNPATH_SEARCH_PATHS = (
					"$(inherited)",
					"@executable_path/Frameworks",
					"@loader_path/Frameworks",
				);
				PRODUCT_BUNDLE_IDENTIFIER = com.Serj.Kultenko.MVVMTemplateTests;
				PRODUCT_NAME = "$(TARGET_NAME)";
				SWIFT_VERSION = 4.0;
				TARGETED_DEVICE_FAMILY = "1,2";
				TEST_HOST = "$(BUILT_PRODUCTS_DIR)/MVVMTemplate.app/MVVMTemplate";
			};
			name = Debug;
		};
		E4DBF0D820F87275006DDAC9 /* Release */ = {
			isa = XCBuildConfiguration;
			baseConfigurationReference = FA81E0616706B6C7A14F8F7F /* Pods-MVVMTemplateTests.release.xcconfig */;
			buildSettings = {
				ALWAYS_EMBED_SWIFT_STANDARD_LIBRARIES = "$(inherited)";
				BUNDLE_LOADER = "$(TEST_HOST)";
				CODE_SIGN_STYLE = Automatic;
				DEVELOPMENT_TEAM = ECXQ8F5RNV;
				INFOPLIST_FILE = "MVVMTemplate/Supporting Files/Info.plist";
				LD_RUNPATH_SEARCH_PATHS = (
					"$(inherited)",
					"@executable_path/Frameworks",
					"@loader_path/Frameworks",
				);
				PRODUCT_BUNDLE_IDENTIFIER = com.Serj.Kultenko.MVVMTemplateTests;
				PRODUCT_NAME = "$(TARGET_NAME)";
				SWIFT_VERSION = 4.0;
				TARGETED_DEVICE_FAMILY = "1,2";
				TEST_HOST = "$(BUILT_PRODUCTS_DIR)/MVVMTemplate.app/MVVMTemplate";
			};
			name = Release;
		};
/* End XCBuildConfiguration section */

/* Begin XCConfigurationList section */
		E4DBF0AE20F87275006DDAC9 /* Build configuration list for PBXProject "MVVMTemplate" */ = {
			isa = XCConfigurationList;
			buildConfigurations = (
				E4DBF0D120F87275006DDAC9 /* Debug */,
				E4DBF0D220F87275006DDAC9 /* Release */,
			);
			defaultConfigurationIsVisible = 0;
			defaultConfigurationName = Release;
		};
		E4DBF0D320F87275006DDAC9 /* Build configuration list for PBXNativeTarget "MVVMTemplate" */ = {
			isa = XCConfigurationList;
			buildConfigurations = (
				E4DBF0D420F87275006DDAC9 /* Debug */,
				E4DBF0D520F87275006DDAC9 /* Release */,
			);
			defaultConfigurationIsVisible = 0;
			defaultConfigurationName = Release;
		};
		E4DBF0D620F87275006DDAC9 /* Build configuration list for PBXNativeTarget "MVVMTemplateTests" */ = {
			isa = XCConfigurationList;
			buildConfigurations = (
				E4DBF0D720F87275006DDAC9 /* Debug */,
				E4DBF0D820F87275006DDAC9 /* Release */,
			);
			defaultConfigurationIsVisible = 0;
			defaultConfigurationName = Release;
		};
/* End XCConfigurationList section */

/* Begin XCVersionGroup section */
		E494A84620F87E4F00B8C3D1 /* MVVMTemplate.xcdatamodeld */ = {
			isa = XCVersionGroup;
			children = (
				E494A84720F87E4F00B8C3D1 /* MVVMTemplate.xcdatamodel */,
			);
			currentVersion = E494A84720F87E4F00B8C3D1 /* MVVMTemplate.xcdatamodel */;
			path = MVVMTemplate.xcdatamodeld;
			sourceTree = "<group>";
			versionGroupType = wrapper.xcdatamodel;
		};
/* End XCVersionGroup section */
	};
	rootObject = E4DBF0AB20F87275006DDAC9 /* Project object */;
}
